
Microsoft Visual Studio Solution File, Format Version 12.00
# Visual Studio 15
VisualStudioVersion = 15.0.28307.271
MinimumVisualStudioVersion = 10.0.40219.1
Project("{FAE04EC0-301F-11D3-BF4B-00C04F79EFBC}") = "Calc", "Calc.csproj", "{E2074A5D-A793-49AE-A36F-82E7BC5B7AC0}"
EndProject
Global
	GlobalSection(SolutionConfigurationPlatforms) = preSolution
		Debug|Any CPU = Debug|Any CPU
		Release|Any CPU = Release|Any CPU
	EndGlobalSection
	GlobalSection(ProjectConfigurationPlatforms) = postSolution
		{E2074A5D-A793-49AE-A36F-82E7BC5B7AC0}.Debug|Any CPU.ActiveCfg = Debug|Any CPU
		{E2074A5D-A793-49AE-A36F-82E7BC5B7AC0}.Debug|Any CPU.Build.0 = Debug|Any CPU
		{E2074A5D-A793-49AE-A36F-82E7BC5B7AC0}.Release|Any CPU.ActiveCfg = Release|Any CPU
		{E2074A5D-A793-49AE-A36F-82E7BC5B7AC0}.Release|Any CPU.Build.0 = Release|Any CPU
	EndGlobalSection
	GlobalSection(SolutionProperties) = preSolution
		HideSolutionNode = FALSE
	EndGlobalSection
	GlobalSection(ExtensibilityGlobals) = postSolution
		SolutionGuid = {A5FBEC31-7E52-4CAE-A2E0-5461F3A4B08E}
	EndGlobalSection
EndGlobal
